
Microsoft Visual Studio Solution File, Format Version 10.00
# Visual Studio 2008
Project("{CC5FD16D-436D-48AD-A40C-5A424C6E3E79}") = "AzureStoreService", "AzureStoreService\AzureStoreService.ccproj", "{B8FEB21E-A4D5-441C-B5BB-5CEB8A1BE537}"
EndProject
Project("{FAE04EC0-301F-11D3-BF4B-00C04F79EFBC}") = "MVCAzureStore", "AzureStore\MVCAzureStore.csproj", "{D4109103-5396-4DE5-8042-1ACAAB367C32}"
EndProject
Project("{2150E333-8FDC-42A3-9474-1A3956D46DE8}") = "Assets", "Assets", "{103A3D88-1691-4659-AE90-A252552BC85B}"
EndProject
Project("{FAE04EC0-301F-11D3-BF4B-00C04F79EFBC}") = "AspProviders", "Assets\AspProviders\AspProviders.csproj", "{306D2F9E-D6D0-4D96-94F1-173C60A13875}"
EndProject
Project("{FAE04EC0-301F-11D3-BF4B-00C04F79EFBC}") = "StorageClient", "Assets\StorageClient\StorageClient.csproj", "{C6F30C10-E1C2-4327-BB6B-3160B479CCA1}"
EndProject
Project("{2150E333-8FDC-42A3-9474-1A3956D46DE8}") = "Solution Items", "Solution Items", "{9C75B39B-52AF-4887-8FD6-C8F23AE0ACCD}"
	ProjectSection(SolutionItems) = preProject
		Readme.txt = Readme.txt
	EndProjectSection
EndProject
Global
	GlobalSection(SolutionConfigurationPlatforms) = preSolution
		Debug|Any CPU = Debug|Any CPU
		Release|Any CPU = Release|Any CPU
	EndGlobalSection
	GlobalSection(ProjectConfigurationPlatforms) = postSolution
		{D4109103-5396-4DE5-8042-1ACAAB367C32}.Debug|Any CPU.ActiveCfg = Debug|Any CPU
		{D4109103-5396-4DE5-8042-1ACAAB367C32}.Debug|Any CPU.Build.0 = Debug|Any CPU
		{D4109103-5396-4DE5-8042-1ACAAB367C32}.Release|Any CPU.ActiveCfg = Release|Any CPU
		{D4109103-5396-4DE5-8042-1ACAAB367C32}.Release|Any CPU.Build.0 = Release|Any CPU
		{B8FEB21E-A4D5-441C-B5BB-5CEB8A1BE537}.Debug|Any CPU.ActiveCfg = Debug|Any CPU
		{B8FEB21E-A4D5-441C-B5BB-5CEB8A1BE537}.Debug|Any CPU.Build.0 = Debug|Any CPU
		{B8FEB21E-A4D5-441C-B5BB-5CEB8A1BE537}.Release|Any CPU.ActiveCfg = Release|Any CPU
		{B8FEB21E-A4D5-441C-B5BB-5CEB8A1BE537}.Release|Any CPU.Build.0 = Release|Any CPU
		{306D2F9E-D6D0-4D96-94F1-173C60A13875}.Debug|Any CPU.ActiveCfg = Debug|Any CPU
		{306D2F9E-D6D0-4D96-94F1-173C60A13875}.Debug|Any CPU.Build.0 = Debug|Any CPU
		{306D2F9E-D6D0-4D96-94F1-173C60A13875}.Release|Any CPU.ActiveCfg = Release|Any CPU
		{306D2F9E-D6D0-4D96-94F1-173C60A13875}.Release|Any CPU.Build.0 = Release|Any CPU
		{C6F30C10-E1C2-4327-BB6B-3160B479CCA1}.Debug|Any CPU.ActiveCfg = Debug|Any CPU
		{C6F30C10-E1C2-4327-BB6B-3160B479CCA1}.Debug|Any CPU.Build.0 = Debug|Any CPU
		{C6F30C10-E1C2-4327-BB6B-3160B479CCA1}.Release|Any CPU.ActiveCfg = Release|Any CPU
		{C6F30C10-E1C2-4327-BB6B-3160B479CCA1}.Release|Any CPU.Build.0 = Release|Any CPU
	EndGlobalSection
	GlobalSection(SolutionProperties) = preSolution
		HideSolutionNode = FALSE
	EndGlobalSection
	GlobalSection(NestedProjects) = preSolution
		{306D2F9E-D6D0-4D96-94F1-173C60A13875} = {103A3D88-1691-4659-AE90-A252552BC85B}
		{C6F30C10-E1C2-4327-BB6B-3160B479CCA1} = {103A3D88-1691-4659-AE90-A252552BC85B}
	EndGlobalSection
EndGlobal
